
Microsoft Visual Studio Solution File, Format Version 12.00
# Visual Studio Version 17
VisualStudioVersion = 17.9.34622.214
MinimumVisualStudioVersion = 10.0.40219.1
Project("{FAE04EC0-301F-11D3-BF4B-00C04F79EFBC}") = "BlazorApp1", "BlazorApp1.csproj", "{447F817C-807D-4052-8165-63B0E0A7E3F5}"
EndProject
Global
	GlobalSection(SolutionConfigurationPlatforms) = preSolution
		Debug|Any CPU = Debug|Any CPU
		Release|Any CPU = Release|Any CPU
	EndGlobalSection
	GlobalSection(ProjectConfigurationPlatforms) = postSolution
		{447F817C-807D-4052-8165-63B0E0A7E3F5}.Debug|Any CPU.ActiveCfg = Debug|Any CPU
		{447F817C-807D-4052-8165-63B0E0A7E3F5}.Debug|Any CPU.Build.0 = Debug|Any CPU
		{447F817C-807D-4052-8165-63B0E0A7E3F5}.Release|Any CPU.ActiveCfg = Release|Any CPU
		{447F817C-807D-4052-8165-63B0E0A7E3F5}.Release|Any CPU.Build.0 = Release|Any CPU
	EndGlobalSection
	GlobalSection(SolutionProperties) = preSolution
		HideSolutionNode = FALSE
	EndGlobalSection
	GlobalSection(ExtensibilityGlobals) = postSolution
		SolutionGuid = {BEDCE088-9733-4FB0-B61C-464AF59CAC59}
	EndGlobalSection
EndGlobal
